// !$*UTF8*$!
{
	archiveVersion = 1;
	classes = {
	};
	objectVersion = 46;
	objects = {

/* Begin PBXBuildFile section */
		410C14F41DBB5F5F0089DE21 /* SeoulNamsanB.ttf in Resources */ = {isa = PBXBuildFile; fileRef = 410C14EC1DBB556F0089DE21 /* SeoulNamsanB.ttf */; };
		410C14F51DBB5F620089DE21 /* SeoulNamsanM.ttf in Resources */ = {isa = PBXBuildFile; fileRef = 410C14ED1DBB556F0089DE21 /* SeoulNamsanM.ttf */; };
		410C14F71DBB775C0089DE21 /* logo1.png in Resources */ = {isa = PBXBuildFile; fileRef = 410C14F61DBB775C0089DE21 /* logo1.png */; };
		410C14F91DBB792F0089DE21 /* cont_bg01.gif in Resources */ = {isa = PBXBuildFile; fileRef = 410C14F81DBB792F0089DE21 /* cont_bg01.gif */; };
		41981A421DBB8303008CAA2B /* menu01ViewController.m in Sources */ = {isa = PBXBuildFile; fileRef = 41981A411DBB8303008CAA2B /* menu01ViewController.m */; };
		41981A451DBB830D008CAA2B /* menu02ViewController.m in Sources */ = {isa = PBXBuildFile; fileRef = 41981A441DBB830D008CAA2B /* menu02ViewController.m */; };
		41981A481DBB8315008CAA2B /* menu03ViewController.m in Sources */ = {isa = PBXBuildFile; fileRef = 41981A471DBB8315008CAA2B /* menu03ViewController.m */; };
		41981A4B1DBC2FA9008CAA2B /* detailBrowserViewController.m in Sources */ = {isa = PBXBuildFile; fileRef = 41981A4A1DBC2FA9008CAA2B /* detailBrowserViewController.m */; };
		41981A4D1DBD058D008CAA2B /* applogo@3x.png in Resources */ = {isa = PBXBuildFile; fileRef = 41981A4C1DBD058D008CAA2B /* applogo@3x.png */; };
		41981A4F1DBD0658008CAA2B /* applogo@2x.png in Resources */ = {isa = PBXBuildFile; fileRef = 41981A4E1DBD0658008CAA2B /* applogo@2x.png */; };
		41B7E9491DB5BFCD004F16BE /* main.m in Sources */ = {isa = PBXBuildFile; fileRef = 41B7E9481DB5BFCD004F16BE /* main.m */; };
		41B7E94C1DB5BFCD004F16BE /* AppDelegate.m in Sources */ = {isa = PBXBuildFile; fileRef = 41B7E94B1DB5BFCD004F16BE /* AppDelegate.m */; };
		41B7E94F1DB5BFCD004F16BE /* ViewController.m in Sources */ = {isa = PBXBuildFile; fileRef = 41B7E94E1DB5BFCD004F16BE /* ViewController.m */; };
		41B7E9521DB5BFCD004F16BE /* Main.storyboard in Resources */ = {isa = PBXBuildFile; fileRef = 41B7E9501DB5BFCD004F16BE /* Main.storyboard */; };
		41B7E9541DB5BFCD004F16BE /* Assets.xcassets in Resources */ = {isa = PBXBuildFile; fileRef = 41B7E9531DB5BFCD004F16BE /* Assets.xcassets */; };
		41B7E9571DB5BFCD004F16BE /* LaunchScreen.storyboard in Resources */ = {isa = PBXBuildFile; fileRef = 41B7E9551DB5BFCD004F16BE /* LaunchScreen.storyboard */; };
/* End PBXBuildFile section */

/* Begin PBXFileReference section */
		410C14EC1DBB556F0089DE21 /* SeoulNamsanB.ttf */ = {isa = PBXFileReference; lastKnownFileType = file; path = SeoulNamsanB.ttf; sourceTree = "<group>"; };
		410C14ED1DBB556F0089DE21 /* SeoulNamsanM.ttf */ = {isa = PBXFileReference; lastKnownFileType = file; path = SeoulNamsanM.ttf; sourceTree = "<group>"; };
		410C14F21DBB5EC40089DE21 /* ko */ = {isa = PBXFileReference; lastKnownFileType = text.plist.strings; name = ko; path = ko.lproj/Main.strings; sourceTree = "<group>"; };
		410C14F31DBB5EC40089DE21 /* ko */ = {isa = PBXFileReference; lastKnownFileType = text.plist.strings; name = ko; path = ko.lproj/LaunchScreen.strings; sourceTree = "<group>"; };
		410C14F61DBB775C0089DE21 /* logo1.png */ = {isa = PBXFileReference; lastKnownFileType = image.png; path = logo1.png; sourceTree = "<group>"; };
		410C14F81DBB792F0089DE21 /* cont_bg01.gif */ = {isa = PBXFileReference; lastKnownFileType = image.gif; path = cont_bg01.gif; sourceTree = "<group>"; };
		41981A401DBB8303008CAA2B /* menu01ViewController.h */ = {isa = PBXFileReference; fileEncoding = 4; lastKnownFileType = sourcecode.c.h; path = menu01ViewController.h; sourceTree = "<group>"; };
		41981A411DBB8303008CAA2B /* menu01ViewController.m */ = {isa = PBXFileReference; fileEncoding = 4; lastKnownFileType = sourcecode.c.objc; path = menu01ViewController.m; sourceTree = "<group>"; };
		41981A431DBB830D008CAA2B /* menu02ViewController.h */ = {isa = PBXFileReference; fileEncoding = 4; lastKnownFileType = sourcecode.c.h; path = menu02ViewController.h; sourceTree = "<group>"; };
		41981A441DBB830D008CAA2B /* menu02ViewController.m */ = {isa = PBXFileReference; fileEncoding = 4; lastKnownFileType = sourcecode.c.objc; path = menu02ViewController.m; sourceTree = "<group>"; };
		41981A461DBB8315008CAA2B /* menu03ViewController.h */ = {isa = PBXFileReference; fileEncoding = 4; lastKnownFileType = sourcecode.c.h; path = menu03ViewController.h; sourceTree = "<group>"; };
		41981A471DBB8315008CAA2B /* menu03ViewController.m */ = {isa = PBXFileReference; fileEncoding = 4; lastKnownFileType = sourcecode.c.objc; path = menu03ViewController.m; sourceTree = "<group>"; };
		41981A491DBC2FA9008CAA2B /* detailBrowserViewController.h */ = {isa = PBXFileReference; fileEncoding = 4; lastKnownFileType = sourcecode.c.h; path = detailBrowserViewController.h; sourceTree = "<group>"; };
		41981A4A1DBC2FA9008CAA2B /* detailBrowserViewController.m */ = {isa = PBXFileReference; fileEncoding = 4; lastKnownFileType = sourcecode.c.objc; path = detailBrowserViewController.m; sourceTree = "<group>"; };
		41981A4C1DBD058D008CAA2B /* applogo@3x.png */ = {isa = PBXFileReference; lastKnownFileType = image.png; path = "applogo@3x.png"; sourceTree = "<group>"; };
		41981A4E1DBD0658008CAA2B /* applogo@2x.png */ = {isa = PBXFileReference; lastKnownFileType = image.png; path = "applogo@2x.png"; sourceTree = "<group>"; };
		41B7E9441DB5BFCD004F16BE /* KJH-2016150058.app */ = {isa = PBXFileReference; explicitFileType = wrapper.application; includeInIndex = 0; path = "KJH-2016150058.app"; sourceTree = BUILT_PRODUCTS_DIR; };
		41B7E9481DB5BFCD004F16BE /* main.m */ = {isa = PBXFileReference; lastKnownFileType = sourcecode.c.objc; path = main.m; sourceTree = "<group>"; };
		41B7E94A1DB5BFCD004F16BE /* AppDelegate.h */ = {isa = PBXFileReference; lastKnownFileType = sourcecode.c.h; path = AppDelegate.h; sourceTree = "<group>"; };
		41B7E94B1DB5BFCD004F16BE /* AppDelegate.m */ = {isa = PBXFileReference; lastKnownFileType = sourcecode.c.objc; path = AppDelegate.m; sourceTree = "<group>"; };
		41B7E94D1DB5BFCD004F16BE /* ViewController.h */ = {isa = PBXFileReference; lastKnownFileType = sourcecode.c.h; path = ViewController.h; sourceTree = "<group>"; };
		41B7E94E1DB5BFCD004F16BE /* ViewController.m */ = {isa = PBXFileReference; lastKnownFileType = sourcecode.c.objc; path = ViewController.m; sourceTree = "<group>"; };
		41B7E9511DB5BFCD004F16BE /* Base */ = {isa = PBXFileReference; lastKnownFileType = file.storyboard; name = Base; path = Base.lproj/Main.storyboard; sourceTree = "<group>"; };
		41B7E9531DB5BFCD004F16BE /* Assets.xcassets */ = {isa = PBXFileReference; lastKnownFileType = folder.assetcatalog; path = Assets.xcassets; sourceTree = "<group>"; };
		41B7E9561DB5BFCD004F16BE /* Base */ = {isa = PBXFileReference; lastKnownFileType = file.storyboard; name = Base; path = Base.lproj/LaunchScreen.storyboard; sourceTree = "<group>"; };
		41B7E9581DB5BFCD004F16BE /* Info.plist */ = {isa = PBXFileReference; lastKnownFileType = text.plist.xml; path = Info.plist; sourceTree = "<group>"; };
/* End PBXFileReference section */

/* Begin PBXFrameworksBuildPhase section */
		41B7E9411DB5BFCD004F16BE /* Frameworks */ = {
			isa = PBXFrameworksBuildPhase;
			buildActionMask = 2147483647;
			files = (
			);
			runOnlyForDeploymentPostprocessing = 0;
		};
/* End PBXFrameworksBuildPhase section */

/* Begin PBXGroup section */
		41B7E93B1DB5BFCD004F16BE = {
			isa = PBXGroup;
			children = (
				41B7E9461DB5BFCD004F16BE /* KJH-2016150058 */,
				41B7E9451DB5BFCD004F16BE /* Products */,
			);
			sourceTree = "<group>";
		};
		41B7E9451DB5BFCD004F16BE /* Products */ = {
			isa = PBXGroup;
			children = (
				41B7E9441DB5BFCD004F16BE /* KJH-2016150058.app */,
			);
			name = Products;
			sourceTree = "<group>";
		};
		41B7E9461DB5BFCD004F16BE /* KJH-2016150058 */ = {
			isa = PBXGroup;
			children = (
				41B7E94A1DB5BFCD004F16BE /* AppDelegate.h */,
				41B7E94B1DB5BFCD004F16BE /* AppDelegate.m */,
				41B7E94D1DB5BFCD004F16BE /* ViewController.h */,
				41B7E94E1DB5BFCD004F16BE /* ViewController.m */,
				41B7E9501DB5BFCD004F16BE /* Main.storyboard */,
				41B7E9531DB5BFCD004F16BE /* Assets.xcassets */,
				41B7E9551DB5BFCD004F16BE /* LaunchScreen.storyboard */,
				41B7E9581DB5BFCD004F16BE /* Info.plist */,
				41B7E9471DB5BFCD004F16BE /* Supporting Files */,
				41981A401DBB8303008CAA2B /* menu01ViewController.h */,
				41981A411DBB8303008CAA2B /* menu01ViewController.m */,
				41981A431DBB830D008CAA2B /* menu02ViewController.h */,
				41981A441DBB830D008CAA2B /* menu02ViewController.m */,
				41981A461DBB8315008CAA2B /* menu03ViewController.h */,
				41981A471DBB8315008CAA2B /* menu03ViewController.m */,
				41981A491DBC2FA9008CAA2B /* detailBrowserViewController.h */,
				41981A4A1DBC2FA9008CAA2B /* detailBrowserViewController.m */,
			);
			path = "KJH-2016150058";
			sourceTree = "<group>";
		};
		41B7E9471DB5BFCD004F16BE /* Supporting Files */ = {
			isa = PBXGroup;
			children = (
				41981A4E1DBD0658008CAA2B /* applogo@2x.png */,
				41981A4C1DBD058D008CAA2B /* applogo@3x.png */,
				410C14F81DBB792F0089DE21 /* cont_bg01.gif */,
				410C14F61DBB775C0089DE21 /* logo1.png */,
				410C14EC1DBB556F0089DE21 /* SeoulNamsanB.ttf */,
				410C14ED1DBB556F0089DE21 /* SeoulNamsanM.ttf */,
				41B7E9481DB5BFCD004F16BE /* main.m */,
			);
			name = "Supporting Files";
			sourceTree = "<group>";
		};
/* End PBXGroup section */

/* Begin PBXNativeTarget section */
		41B7E9431DB5BFCD004F16BE /* KJH-2016150058 */ = {
			isa = PBXNativeTarget;
			buildConfigurationList = 41B7E95B1DB5BFCD004F16BE /* Build configuration list for PBXNativeTarget "KJH-2016150058" */;
			buildPhases = (
				41B7E9401DB5BFCD004F16BE /* Sources */,
				41B7E9411DB5BFCD004F16BE /* Frameworks */,
				41B7E9421DB5BFCD004F16BE /* Resources */,
			);
			buildRules = (
			);
			dependencies = (
			);
			name = "KJH-2016150058";
			productName = "KJH-2016150058";
			productReference = 41B7E9441DB5BFCD004F16BE /* KJH-2016150058.app */;
			productType = "com.apple.product-type.application";
		};
/* End PBXNativeTarget section */

/* Begin PBXProject section */
		41B7E93C1DB5BFCD004F16BE /* Project object */ = {
			isa = PBXProject;
			attributes = {
				LastUpgradeCheck = 0730;
				ORGANIZATIONNAME = "김티버";
				TargetAttributes = {
					41B7E9431DB5BFCD004F16BE = {
						CreatedOnToolsVersion = 7.3.1;
					};
				};
			};
			buildConfigurationList = 41B7E93F1DB5BFCD004F16BE /* Build configuration list for PBXProject "KJH-2016150058" */;
			compatibilityVersion = "Xcode 3.2";
			developmentRegion = English;
			hasScannedForEncodings = 0;
			knownRegions = (
				Base,
			);
			mainGroup = 41B7E93B1DB5BFCD004F16BE;
			productRefGroup = 41B7E9451DB5BFCD004F16BE /* Products */;
			projectDirPath = "";
			projectRoot = "";
			targets = (
				41B7E9431DB5BFCD004F16BE /* KJH-2016150058 */,
			);
		};
/* End PBXProject section */

/* Begin PBXResourcesBuildPhase section */
		41B7E9421DB5BFCD004F16BE /* Resources */ = {
			isa = PBXResourcesBuildPhase;
			buildActionMask = 2147483647;
			files = (
				41981A4D1DBD058D008CAA2B /* applogo@3x.png in Resources */,
				41981A4F1DBD0658008CAA2B /* applogo@2x.png in Resources */,
				410C14F51DBB5F620089DE21 /* SeoulNamsanM.ttf in Resources */,
				410C14F41DBB5F5F0089DE21 /* SeoulNamsanB.ttf in Resources */,
				41B7E9571DB5BFCD004F16BE /* LaunchScreen.storyboard in Resources */,
				41B7E9541DB5BFCD004F16BE /* Assets.xcassets in Resources */,
				41B7E9521DB5BFCD004F16BE /* Main.storyboard in Resources */,
				410C14F71DBB775C0089DE21 /* logo1.png in Resources */,
				410C14F91DBB792F0089DE21 /* cont_bg01.gif in Resources */,
			);
			runOnlyForDeploymentPostprocessing = 0;
		};
/* End PBXResourcesBuildPhase section */

/* Begin PBXSourcesBuildPhase section */
		41B7E9401DB5BFCD004F16BE /* Sources */ = {
			isa = PBXSourcesBuildPhase;
			buildActionMask = 2147483647;
			files = (
				41981A481DBB8315008CAA2B /* menu03ViewController.m in Sources */,
				41B7E94F1DB5BFCD004F16BE /* ViewController.m in Sources */,
				41B7E94C1DB5BFCD004F16BE /* AppDelegate.m in Sources */,
				41981A421DBB8303008CAA2B /* menu01ViewController.m in Sources */,
				41B7E9491DB5BFCD004F16BE /* main.m in Sources */,
				41981A4B1DBC2FA9008CAA2B /* detailBrowserViewController.m in Sources */,
				41981A451DBB830D008CAA2B /* menu02ViewController.m in Sources */,
			);
			runOnlyForDeploymentPostprocessing = 0;
		};
/* End PBXSourcesBuildPhase section */

/* Begin PBXVariantGroup section */
		41B7E9501DB5BFCD004F16BE /* Main.storyboard */ = {
			isa = PBXVariantGroup;
			children = (
				41B7E9511DB5BFCD004F16BE /* Base */,
				410C14F21DBB5EC40089DE21 /* ko */,
			);
			name = Main.storyboard;
			sourceTree = "<group>";
		};
		41B7E9551DB5BFCD004F16BE /* LaunchScreen.storyboard */ = {
			isa = PBXVariantGroup;
			children = (
				41B7E9561DB5BFCD004F16BE /* Base */,
				410C14F31DBB5EC40089DE21 /* ko */,
			);
			name = LaunchScreen.storyboard;
			sourceTree = "<group>";
		};
/* End PBXVariantGroup section */

/* Begin XCBuildConfiguration section */
		41B7E9591DB5BFCD004F16BE /* Debug */ = {
			isa = XCBuildConfiguration;
			buildSettings = {
				ALWAYS_SEARCH_USER_PATHS = NO;
				CLANG_ANALYZER_NONNULL = YES;
				CLANG_CXX_LANGUAGE_STANDARD = "gnu++0x";
				CLANG_CXX_LIBRARY = "libc++";
				CLANG_ENABLE_MODULES = YES;
				CLANG_ENABLE_OBJC_ARC = YES;
				CLANG_WARN_BOOL_CONVERSION = YES;
				CLANG_WARN_CONSTANT_CONVERSION = YES;
				CLANG_WARN_DIRECT_OBJC_ISA_USAGE = YES_ERROR;
				CLANG_WARN_EMPTY_BODY = YES;
				CLANG_WARN_ENUM_CONVERSION = YES;
				CLANG_WARN_INT_CONVERSION = YES;
				CLANG_WARN_OBJC_ROOT_CLASS = YES_ERROR;
				CLANG_WARN_UNREACHABLE_CODE = YES;
				CLANG_WARN__DUPLICATE_METHOD_MATCH = YES;
				"CODE_SIGN_IDENTITY[sdk=iphoneos*]" = "iPhone Developer";
				COPY_PHASE_STRIP = NO;
				DEBUG_INFORMATION_FORMAT = dwarf;
				ENABLE_STRICT_OBJC_MSGSEND = YES;
				ENABLE_TESTABILITY = YES;
				GCC_C_LANGUAGE_STANDARD = gnu99;
				GCC_DYNAMIC_NO_PIC = NO;
				GCC_NO_COMMON_BLOCKS = YES;
				GCC_OPTIMIZATION_LEVEL = 0;
				GCC_PREPROCESSOR_DEFINITIONS = (
					"DEBUG=1",
					"$(inherited)",
				);
				GCC_WARN_64_TO_32_BIT_CONVERSION = YES;
				GCC_WARN_ABOUT_RETURN_TYPE = YES_ERROR;
				GCC_WARN_UNDECLARED_SELECTOR = YES;
				GCC_WARN_UNINITIALIZED_AUTOS = YES_AGGRESSIVE;
				GCC_WARN_UNUSED_FUNCTION = YES;
				GCC_WARN_UNUSED_VARIABLE = YES;
				IPHONEOS_DEPLOYMENT_TARGET = 8.0;
				MTL_ENABLE_DEBUG_INFO = YES;
				ONLY_ACTIVE_ARCH = YES;
				SDKROOT = iphoneos;
			};
			name = Debug;
		};
		41B7E95A1DB5BFCD004F16BE /* Release */ = {
			isa = XCBuildConfiguration;
			buildSettings = {
				ALWAYS_SEARCH_USER_PATHS = NO;
				CLANG_ANALYZER_NONNULL = YES;
				CLANG_CXX_LANGUAGE_STANDARD = "gnu++0x";
				CLANG_CXX_LIBRARY = "libc++";
				CLANG_ENABLE_MODULES = YES;
				CLANG_ENABLE_OBJC_ARC = YES;
				CLANG_WARN_BOOL_CONVERSION = YES;
				CLANG_WARN_CONSTANT_CONVERSION = YES;
				CLANG_WARN_DIRECT_OBJC_ISA_USAGE = YES_ERROR;
				CLANG_WARN_EMPTY_BODY = YES;
				CLANG_WARN_ENUM_CONVERSION = YES;
				CLANG_WARN_INT_CONVERSION = YES;
				CLANG_WARN_OBJC_ROOT_CLASS = YES_ERROR;
				CLANG_WARN_UNREACHABLE_CODE = YES;
				CLANG_WARN__DUPLICATE_METHOD_MATCH = YES;
				"CODE_SIGN_IDENTITY[sdk=iphoneos*]" = "iPhone Developer";
				COPY_PHASE_STRIP = NO;
				DEBUG_INFORMATION_FORMAT = "dwarf-with-dsym";
				ENABLE_NS_ASSERTIONS = NO;
				ENABLE_STRICT_OBJC_MSGSEND = YES;
				GCC_C_LANGUAGE_STANDARD = gnu99;
				GCC_NO_COMMON_BLOCKS = YES;
				GCC_WARN_64_TO_32_BIT_CONVERSION = YES;
				GCC_WARN_ABOUT_RETURN_TYPE = YES_ERROR;
				GCC_WARN_UNDECLARED_SELECTOR = YES;
				GCC_WARN_UNINITIALIZED_AUTOS = YES_AGGRESSIVE;
				GCC_WARN_UNUSED_FUNCTION = YES;
				GCC_WARN_UNUSED_VARIABLE = YES;
				IPHONEOS_DEPLOYMENT_TARGET = 8.0;
				MTL_ENABLE_DEBUG_INFO = NO;
				SDKROOT = iphoneos;
				VALIDATE_PRODUCT = YES;
			};
			name = Release;
		};
		41B7E95C1DB5BFCD004F16BE /* Debug */ = {
			isa = XCBuildConfiguration;
			buildSettings = {
				ASSETCATALOG_COMPILER_APPICON_NAME = AppIcon;
				CODE_SIGN_IDENTITY = "iPhone Developer";
				INFOPLIST_FILE = "KJH-2016150058/Info.plist";
				IPHONEOS_DEPLOYMENT_TARGET = 8.0;
				LD_RUNPATH_SEARCH_PATHS = "$(inherited) @executable_path/Frameworks";
				PRODUCT_BUNDLE_IDENTIFIER = "swu.ac.kr.KJH-2016150058";
				PRODUCT_NAME = "$(TARGET_NAME)";
				TARGETED_DEVICE_FAMILY = 1;
			};
			name = Debug;
		};
		41B7E95D1DB5BFCD004F16BE /* Release */ = {
			isa = XCBuildConfiguration;
			buildSettings = {
				ASSETCATALOG_COMPILER_APPICON_NAME = AppIcon;
				CODE_SIGN_IDENTITY = "iPhone Developer";
				INFOPLIST_FILE = "KJH-2016150058/Info.plist";
				IPHONEOS_DEPLOYMENT_TARGET = 8.0;
				LD_RUNPATH_SEARCH_PATHS = "$(inherited) @executable_path/Frameworks";
				PRODUCT_BUNDLE_IDENTIFIER = "swu.ac.kr.KJH-2016150058";
				PRODUCT_NAME = "$(TARGET_NAME)";
				TARGETED_DEVICE_FAMILY = 1;
			};
			name = Release;
		};
/* End XCBuildConfiguration section */

/* Begin XCConfigurationList section */
		41B7E93F1DB5BFCD004F16BE /* Build configuration list for PBXProject "KJH-2016150058" */ = {
			isa = XCConfigurationList;
			buildConfigurations = (
				41B7E9591DB5BFCD004F16BE /* Debug */,
				41B7E95A1DB5BFCD004F16BE /* Release */,
			);
			defaultConfigurationIsVisible = 0;
			defaultConfigurationName = Release;
		};
		41B7E95B1DB5BFCD004F16BE /* Build configuration list for PBXNativeTarget "KJH-2016150058" */ = {
			isa = XCConfigurationList;
			buildConfigurations = (
				41B7E95C1DB5BFCD004F16BE /* Debug */,
				41B7E95D1DB5BFCD004F16BE /* Release */,
			);
			defaultConfigurationIsVisible = 0;
			defaultConfigurationName = Release;
		};
/* End XCConfigurationList section */
	};
	rootObject = 41B7E93C1DB5BFCD004F16BE /* Project object */;
}
